// !$*UTF8*$!
{
	archiveVersion = 1;
	classes = {
	};
	objectVersion = 46;
	objects = {

/* Begin PBXBuildFile section */
		296C25741DD1D4DC00C41223 /* AppDelegate.swift in Sources */ = {isa = PBXBuildFile; fileRef = 296C25731DD1D4DC00C41223 /* AppDelegate.swift */; };
		296C25761DD1D4DC00C41223 /* ViewController.swift in Sources */ = {isa = PBXBuildFile; fileRef = 296C25751DD1D4DC00C41223 /* ViewController.swift */; };
		296C25791DD1D4DC00C41223 /* Main.storyboard in Resources */ = {isa = PBXBuildFile; fileRef = 296C25771DD1D4DC00C41223 /* Main.storyboard */; };
		296C257B1DD1D4DC00C41223 /* Assets.xcassets in Resources */ = {isa = PBXBuildFile; fileRef = 296C257A1DD1D4DC00C41223 /* Assets.xcassets */; };
		296C257E1DD1D4DC00C41223 /* LaunchScreen.storyboard in Resources */ = {isa = PBXBuildFile; fileRef = 296C257C1DD1D4DC00C41223 /* LaunchScreen.storyboard */; };
/* End PBXBuildFile section */

/* Begin PBXFileReference section */
		296C25701DD1D4DC00C41223 /* reMIND.app */ = {isa = PBXFileReference; explicitFileType = wrapper.application; includeInIndex = 0; path = reMIND.app; sourceTree = BUILT_PRODUCTS_DIR; };
		296C25731DD1D4DC00C41223 /* AppDelegate.swift */ = {isa = PBXFileReference; lastKnownFileType = sourcecode.swift; path = AppDelegate.swift; sourceTree = "<group>"; };
		296C25751DD1D4DC00C41223 /* ViewController.swift */ = {isa = PBXFileReference; lastKnownFileType = sourcecode.swift; path = ViewController.swift; sourceTree = "<group>"; };
		296C25781DD1D4DC00C41223 /* Base */ = {isa = PBXFileReference; lastKnownFileType = file.storyboard; name = Base; path = Base.lproj/Main.storyboard; sourceTree = "<group>"; };
		296C257A1DD1D4DC00C41223 /* Assets.xcassets */ = {isa = PBXFileReference; lastKnownFileType = folder.assetcatalog; path = Assets.xcassets; sourceTree = "<group>"; };
		296C257D1DD1D4DC00C41223 /* Base */ = {isa = PBXFileReference; lastKnownFileType = file.storyboard; name = Base; path = Base.lproj/LaunchScreen.storyboard; sourceTree = "<group>"; };
		296C257F1DD1D4DC00C41223 /* Info.plist */ = {isa = PBXFileReference; lastKnownFileType = text.plist.xml; path = Info.plist; sourceTree = "<group>"; };
/* End PBXFileReference section */

/* Begin PBXFrameworksBuildPhase section */
		296C256D1DD1D4DB00C41223 /* Frameworks */ = {
			isa = PBXFrameworksBuildPhase;
			buildActionMask = 2147483647;
			files = (
			);
			runOnlyForDeploymentPostprocessing = 0;
		};
/* End PBXFrameworksBuildPhase section */

/* Begin PBXGroup section */
		296C25671DD1D4DB00C41223 = {
			isa = PBXGroup;
			children = (
				296C25721DD1D4DC00C41223 /* reMIND */,
				296C25711DD1D4DC00C41223 /* Products */,
			);
			sourceTree = "<group>";
		};
		296C25711DD1D4DC00C41223 /* Products */ = {
			isa = PBXGroup;
			children = (
				296C25701DD1D4DC00C41223 /* reMIND.app */,
			);
			name = Products;
			sourceTree = "<group>";
		};
		296C25721DD1D4DC00C41223 /* reMIND */ = {
			isa = PBXGroup;
			children = (
				296C25731DD1D4DC00C41223 /* AppDelegate.swift */,
				296C25751DD1D4DC00C41223 /* ViewController.swift */,
				296C25771DD1D4DC00C41223 /* Main.storyboard */,
				296C257A1DD1D4DC00C41223 /* Assets.xcassets */,
				296C257C1DD1D4DC00C41223 /* LaunchScreen.storyboard */,
				296C257F1DD1D4DC00C41223 /* Info.plist */,
			);
			path = reMIND;
			sourceTree = "<group>";
		};
/* End PBXGroup section */

/* Begin PBXNativeTarget section */
		296C256F1DD1D4DB00C41223 /* reMIND */ = {
			isa = PBXNativeTarget;
			buildConfigurationList = 296C25821DD1D4DC00C41223 /* Build configuration list for PBXNativeTarget "reMIND" */;
			buildPhases = (
				296C256C1DD1D4DB00C41223 /* Sources */,
				296C256D1DD1D4DB00C41223 /* Frameworks */,
				296C256E1DD1D4DB00C41223 /* Resources */,
			);
			buildRules = (
			);
			dependencies = (
			);
			name = reMIND;
			productName = reMIND;
			productReference = 296C25701DD1D4DC00C41223 /* reMIND.app */;
			productType = "com.apple.product-type.application";
		};
/* End PBXNativeTarget section */

/* Begin PBXProject section */
		296C25681DD1D4DB00C41223 /* Project object */ = {
			isa = PBXProject;
			attributes = {
				LastSwiftUpdateCheck = 0810;
				LastUpgradeCheck = 0810;
				ORGANIZATIONNAME = "Rafael Navarro";
				TargetAttributes = {
					296C256F1DD1D4DB00C41223 = {
						CreatedOnToolsVersion = 8.1;
						DevelopmentTeam = VGW29G74QP;
						ProvisioningStyle = Automatic;
					};
				};
			};
			buildConfigurationList = 296C256B1DD1D4DB00C41223 /* Build configuration list for PBXProject "reMIND" */;
			compatibilityVersion = "Xcode 3.2";
			developmentRegion = English;
			hasScannedForEncodings = 0;
			knownRegions = (
				en,
				Base,
			);
			mainGroup = 296C25671DD1D4DB00C41223;
			productRefGroup = 296C25711DD1D4DC00C41223 /* Products */;
			projectDirPath = "";
			projectRoot = "";
			targets = (
				296C256F1DD1D4DB00C41223 /* reMIND */,
			);
		};
/* End PBXProject section */

/* Begin PBXResourcesBuildPhase section */
		296C256E1DD1D4DB00C41223 /* Resources */ = {
			isa = PBXResourcesBuildPhase;
			buildActionMask = 2147483647;
			files = (
				296C257E1DD1D4DC00C41223 /* LaunchScreen.storyboard in Resources */,
				296C257B1DD1D4DC00C41223 /* Assets.xcassets in Resources */,
				296C25791DD1D4DC00C41223 /* Main.storyboard in Resources */,
			);
			runOnlyForDeploymentPostprocessing = 0;
		};
/* End PBXResourcesBuildPhase section */

/* Begin PBXSourcesBuildPhase section */
		296C256C1DD1D4DB00C41223 /* Sources */ = {
			isa = PBXSourcesBuildPhase;
			buildActionMask = 2147483647;
			files = (
				296C25761DD1D4DC00C41223 /* ViewController.swift in Sources */,
				296C25741DD1D4DC00C41223 /* AppDelegate.swift in Sources */,
			);
			runOnlyForDeploymentPostprocessing = 0;
		};
/* End PBXSourcesBuildPhase section */

/* Begin PBXVariantGroup section */
		296C25771DD1D4DC00C41223 /* Main.storyboard */ = {
			isa = PBXVariantGroup;
			children = (
				296C25781DD1D4DC00C41223 /* Base */,
			);
			name = Main.storyboard;
			sourceTree = "<group>";
		};
		296C257C1DD1D4DC00C41223 /* LaunchScreen.storyboard */ = {
			isa = PBXVariantGroup;
			children = (
				296C257D1DD1D4DC00C41223 /* Base */,
			);
			name = LaunchScreen.storyboard;
			sourceTree = "<group>";
		};
/* End PBXVariantGroup section */

/* Begin XCBuildConfiguration section */
		296C25801DD1D4DC00C41223 /* Debug */ = {
			isa = XCBuildConfiguration;
			buildSettings = {
				ALWAYS_SEARCH_USER_PATHS = NO;
				CLANG_ANALYZER_NONNULL = YES;
				CLANG_CXX_LANGUAGE_STANDARD = "gnu++0x";
				CLANG_CXX_LIBRARY = "libc++";
				CLANG_ENABLE_MODULES = YES;
				CLANG_ENABLE_OBJC_ARC = YES;
				CLANG_WARN_BOOL_CONVERSION = YES;
				CLANG_WARN_CONSTANT_CONVERSION = YES;
				CLANG_WARN_DIRECT_OBJC_ISA_USAGE = YES_ERROR;
				CLANG_WARN_DOCUMENTATION_COMMENTS = YES;
				CLANG_WARN_EMPTY_BODY = YES;
				CLANG_WARN_ENUM_CONVERSION = YES;
				CLANG_WARN_INFINITE_RECURSION = YES;
				CLANG_WARN_INT_CONVERSION = YES;
				CLANG_WARN_OBJC_ROOT_CLASS = YES_ERROR;
				CLANG_WARN_SUSPICIOUS_MOVES = YES;
				CLANG_WARN_UNREACHABLE_CODE = YES;
				CLANG_WARN__DUPLICATE_METHOD_MATCH = YES;
				"CODE_SIGN_IDENTITY[sdk=iphoneos*]" = "iPhone Developer";
				COPY_PHASE_STRIP = NO;
				DEBUG_INFORMATION_FORMAT = dwarf;
				ENABLE_STRICT_OBJC_MSGSEND = YES;
				ENABLE_TESTABILITY = YES;
				GCC_C_LANGUAGE_STANDARD = gnu99;
				GCC_DYNAMIC_NO_PIC = NO;
				GCC_NO_COMMON_BLOCKS = YES;
				GCC_OPTIMIZATION_LEVEL = 0;
				GCC_PREPROCESSOR_DEFINITIONS = (
					"DEBUG=1",
					"$(inherited)",
				);
				GCC_WARN_64_TO_32_BIT_CONVERSION = YES;
				GCC_WARN_ABOUT_RETURN_TYPE = YES_ERROR;
				GCC_WARN_UNDECLARED_SELECTOR = YES;
				GCC_WARN_UNINITIALIZED_AUTOS = YES_AGGRESSIVE;
				GCC_WARN_UNUSED_FUNCTION = YES;
				GCC_WARN_UNUSED_VARIABLE = YES;
				IPHONEOS_DEPLOYMENT_TARGET = 10.1;
				MTL_ENABLE_DEBUG_INFO = YES;
				ONLY_ACTIVE_ARCH = YES;
				SDKROOT = iphoneos;
				SWIFT_ACTIVE_COMPILATION_CONDITIONS = DEBUG;
				SWIFT_OPTIMIZATION_LEVEL = "-Onone";
			};
			name = Debug;
		};
		296C25811DD1D4DC00C41223 /* Release */ = {
			isa = XCBuildConfiguration;
			buildSettings = {
				ALWAYS_SEARCH_USER_PATHS = NO;
				CLANG_ANALYZER_NONNULL = YES;
				CLANG_CXX_LANGUAGE_STANDARD = "gnu++0x";
				CLANG_CXX_LIBRARY = "libc++";
				CLANG_ENABLE_MODULES = YES;
				CLANG_ENABLE_OBJC_ARC = YES;
				CLANG_WARN_BOOL_CONVERSION = YES;
				CLANG_WARN_CONSTANT_CONVERSION = YES;
				CLANG_WARN_DIRECT_OBJC_ISA_USAGE = YES_ERROR;
				CLANG_WARN_DOCUMENTATION_COMMENTS = YES;
				CLANG_WARN_EMPTY_BODY = YES;
				CLANG_WARN_ENUM_CONVERSION = YES;
				CLANG_WARN_INFINITE_RECURSION = YES;
				CLANG_WARN_INT_CONVERSION = YES;
				CLANG_WARN_OBJC_ROOT_CLASS = YES_ERROR;
				CLANG_WARN_SUSPICIOUS_MOVES = YES;
				CLANG_WARN_UNREACHABLE_CODE = YES;
				CLANG_WARN__DUPLICATE_METHOD_MATCH = YES;
				"CODE_SIGN_IDENTITY[sdk=iphoneos*]" = "iPhone Developer";
				COPY_PHASE_STRIP = NO;
				DEBUG_INFORMATION_FORMAT = "dwarf-with-dsym";
				ENABLE_NS_ASSERTIONS = NO;
				ENABLE_STRICT_OBJC_MSGSEND = YES;
				GCC_C_LANGUAGE_STANDARD = gnu99;
				GCC_NO_COMMON_BLOCKS = YES;
				GCC_WARN_64_TO_32_BIT_CONVERSION = YES;
				GCC_WARN_ABOUT_RETURN_TYPE = YES_ERROR;
				GCC_WARN_UNDECLARED_SELECTOR = YES;
				GCC_WARN_UNINITIALIZED_AUTOS = YES_AGGRESSIVE;
				GCC_WARN_UNUSED_FUNCTION = YES;
				GCC_WARN_UNUSED_VARIABLE = YES;
				IPHONEOS_DEPLOYMENT_TARGET = 10.1;
				MTL_ENABLE_DEBUG_INFO = NO;
				SDKROOT = iphoneos;
				SWIFT_OPTIMIZATION_LEVEL = "-Owholemodule";
				VALIDATE_PRODUCT = YES;
			};
			name = Release;
		};
		296C25831DD1D4DC00C41223 /* Debug */ = {
			isa = XCBuildConfiguration;
			buildSettings = {
				ASSETCATALOG_COMPILER_APPICON_NAME = AppIcon;
				DEVELOPMENT_TEAM = VGW29G74QP;
				INFOPLIST_FILE = reMIND/Info.plist;
				LD_RUNPATH_SEARCH_PATHS = "$(inherited) @executable_path/Frameworks";
				PRODUCT_BUNDLE_IDENTIFIER = com.rafaelnavarro.reMIND;
				PRODUCT_NAME = "$(TARGET_NAME)";
				SWIFT_VERSION = 3.0;
			};
			name = Debug;
		};
		296C25841DD1D4DC00C41223 /* Release */ = {
			isa = XCBuildConfiguration;
			buildSettings = {
				ASSETCATALOG_COMPILER_APPICON_NAME = AppIcon;
				DEVELOPMENT_TEAM = VGW29G74QP;
				INFOPLIST_FILE = reMIND/Info.plist;
				LD_RUNPATH_SEARCH_PATHS = "$(inherited) @executable_path/Frameworks";
				PRODUCT_BUNDLE_IDENTIFIER = com.rafaelnavarro.reMIND;
				PRODUCT_NAME = "$(TARGET_NAME)";
				SWIFT_VERSION = 3.0;
			};
			name = Release;
		};
/* End XCBuildConfiguration section */

/* Begin XCConfigurationList section */
		296C256B1DD1D4DB00C41223 /* Build configuration list for PBXProject "reMIND" */ = {
			isa = XCConfigurationList;
			buildConfigurations = (
				296C25801DD1D4DC00C41223 /* Debug */,
				296C25811DD1D4DC00C41223 /* Release */,
			);
			defaultConfigurationIsVisible = 0;
			defaultConfigurationName = Release;
		};
		296C25821DD1D4DC00C41223 /* Build configuration list for PBXNativeTarget "reMIND" */ = {
			isa = XCConfigurationList;
			buildConfigurations = (
				296C25831DD1D4DC00C41223 /* Debug */,
				296C25841DD1D4DC00C41223 /* Release */,
			);
			defaultConfigurationIsVisible = 0;
		};
/* End XCConfigurationList section */
	};
	rootObject = 296C25681DD1D4DB00C41223 /* Project object */;
}
